
Microsoft Visual Studio Solution File, Format Version 12.00
# Visual Studio Version 17
VisualStudioVersion = 17.1.32421.90
MinimumVisualStudioVersion = 10.0.40219.1
Project("{FAE04EC0-301F-11D3-BF4B-00C04F79EFBC}") = "First Console App", "First Console App\First Console App.csproj", "{ED39DB04-E537-472E-AC7F-5D0A3F96437A}"
EndProject
Global
	GlobalSection(SolutionConfigurationPlatforms) = preSolution
		Debug|Any CPU = Debug|Any CPU
		Release|Any CPU = Release|Any CPU
	EndGlobalSection
	GlobalSection(ProjectConfigurationPlatforms) = postSolution
		{ED39DB04-E537-472E-AC7F-5D0A3F96437A}.Debug|Any CPU.ActiveCfg = Debug|Any CPU
		{ED39DB04-E537-472E-AC7F-5D0A3F96437A}.Debug|Any CPU.Build.0 = Debug|Any CPU
		{ED39DB04-E537-472E-AC7F-5D0A3F96437A}.Release|Any CPU.ActiveCfg = Release|Any CPU
		{ED39DB04-E537-472E-AC7F-5D0A3F96437A}.Release|Any CPU.Build.0 = Release|Any CPU
	EndGlobalSection
	GlobalSection(SolutionProperties) = preSolution
		HideSolutionNode = FALSE
	EndGlobalSection
	GlobalSection(ExtensibilityGlobals) = postSolution
		SolutionGuid = {928EB066-CDA5-4BD5-890F-25B4F8B6813B}
	EndGlobalSection
EndGlobal
